// !$*UTF8*$!
{
	archiveVersion = 1;
	classes = {
	};
	objectVersion = 77;
	objects = {

/* Begin PBXBuildFile section */
		CDBF907EBD8F430581712DF6 /* Network in Frameworks */ = {isa = PBXBuildFile; productRef = 17C76E784527414C872F37EC /* Network */; };
		F06364C94F7B4E4289269732 /* Network in Frameworks */ = {isa = PBXBuildFile; productRef = 4368A0AF3DC44601AE6B2B34 /* Network */; };
/* End PBXBuildFile section */

/* Begin PBXContainerItemProxy section */
		C6BE920E2FC34CDA0077BC27 /* PBXContainerItemProxy */ = {
			isa = PBXContainerItemProxy;
			containerPortal = C6BE91F82FC34CD80077BC27 /* Project object */;
			proxyType = 1;
			remoteGlobalIDString = C6BE91FF2FC34CD80077BC27;
			remoteInfo = RickMortyPersistImage;
		};
		C6BE92182FC34CDA0077BC27 /* PBXContainerItemProxy */ = {
			isa = PBXContainerItemProxy;
			containerPortal = C6BE91F82FC34CD80077BC27 /* Project object */;
			proxyType = 1;
			remoteGlobalIDString = C6BE91FF2FC34CD80077BC27;
			remoteInfo = RickMortyPersistImage;
		};
/* End PBXContainerItemProxy section */

/* Begin PBXFileReference section */
		C6BE92002FC34CD80077BC27 /* RickMortyPersistImage.app */ = {isa = PBXFileReference; explicitFileType = wrapper.application; includeInIndex = 0; path = RickMortyPersistImage.app; sourceTree = BUILT_PRODUCTS_DIR; };
		C6BE920D2FC34CDA0077BC27 /* RickMortyPersistImageTests.xctest */ = {isa = PBXFileReference; explicitFileType = wrapper.cfbundle; includeInIndex = 0; path = RickMortyPersistImageTests.xctest; sourceTree = BUILT_PRODUCTS_DIR; };
		C6BE92172FC34CDA0077BC27 /* RickMortyPersistImageUITests.xctest */ = {isa = PBXFileReference; explicitFileType = wrapper.cfbundle; includeInIndex = 0; path = RickMortyPersistImageUITests.xctest; sourceTree = BUILT_PRODUCTS_DIR; };
		C6C245802FC4BF8E004425C1 /* RickMortyPersistImageTests.xctestplan */ = {isa = PBXFileReference; lastKnownFileType = text; path = RickMortyPersistImageTests.xctestplan; sourceTree = "<group>"; };
/* End PBXFileReference section */

/* Begin PBXFileSystemSynchronizedRootGroup section */
		C6BE92022FC34CD80077BC27 /* RickMortyPersistImage */ = {
			isa = PBXFileSystemSynchronizedRootGroup;
			path = RickMortyPersistImage;
			sourceTree = "<group>";
		};
		C6BE92102FC34CDA0077BC27 /* RickMortyPersistImageTests */ = {
			isa = PBXFileSystemSynchronizedRootGroup;
			path = RickMortyPersistImageTests;
			sourceTree = "<group>";
		};
		C6BE921A2FC34CDA0077BC27 /* RickMortyPersistImageUITests */ = {
			isa = PBXFileSystemSynchronizedRootGroup;
			path = RickMortyPersistImageUITests;
			sourceTree = "<group>";
		};
/* End PBXFileSystemSynchronizedRootGroup section */

/* Begin PBXFrameworksBuildPhase section */
		C6BE91FD2FC34CD80077BC27 /* Frameworks */ = {
			isa = PBXFrameworksBuildPhase;
			buildActionMask = 2147483647;
			files = (
				CDBF907EBD8F430581712DF6 /* Network in Frameworks */,
			);
			runOnlyForDeploymentPostprocessing = 0;
		};
		C6BE920A2FC34CDA0077BC27 /* Frameworks */ = {
			isa = PBXFrameworksBuildPhase;
			buildActionMask = 2147483647;
			files = (
				F06364C94F7B4E4289269732 /* Network in Frameworks */,
			);
			runOnlyForDeploymentPostprocessing = 0;
		};
		C6BE92142FC34CDA0077BC27 /* Frameworks */ = {
			isa = PBXFrameworksBuildPhase;
			buildActionMask = 2147483647;
			files = (
			);
			runOnlyForDeploymentPostprocessing = 0;
		};
/* End PBXFrameworksBuildPhase section */

/* Begin PBXGroup section */
		C6BE91F72FC34CD80077BC27 = {
			isa = PBXGroup;
			children = (
				C6C245802FC4BF8E004425C1 /* RickMortyPersistImageTests.xctestplan */,
				C6BE92022FC34CD80077BC27 /* RickMortyPersistImage */,
				C6BE92102FC34CDA0077BC27 /* RickMortyPersistImageTests */,
				C6BE921A2FC34CDA0077BC27 /* RickMortyPersistImageUITests */,
				C6BE92012FC34CD80077BC27 /* Products */,
			);
			sourceTree = "<group>";
		};
		C6BE92012FC34CD80077BC27 /* Products */ = {
			isa = PBXGroup;
			children = (
				C6BE92002FC34CD80077BC27 /* RickMortyPersistImage.app */,
				C6BE920D2FC34CDA0077BC27 /* RickMortyPersistImageTests.xctest */,
				C6BE92172FC34CDA0077BC27 /* RickMortyPersistImageUITests.xctest */,
			);
			name = Products;
			sourceTree = "<group>";
		};
/* End PBXGroup section */

/* Begin PBXNativeTarget section */
		C6BE91FF2FC34CD80077BC27 /* RickMortyPersistImage */ = {
			isa = PBXNativeTarget;
			buildConfigurationList = C6BE92212FC34CDA0077BC27 /* Build configuration list for PBXNativeTarget "RickMortyPersistImage" */;
			buildPhases = (
				C6BE91FC2FC34CD80077BC27 /* Sources */,
				C6BE91FD2FC34CD80077BC27 /* Frameworks */,
				C6BE91FE2FC34CD80077BC27 /* Resources */,
			);
			buildRules = (
			);
			dependencies = (
			);
			fileSystemSynchronizedGroups = (
				C6BE92022FC34CD80077BC27 /* RickMortyPersistImage */,
			);
			name = RickMortyPersistImage;
			packageProductDependencies = (
				17C76E784527414C872F37EC /* Network */,
			);
			productName = RickMortyPersistImage;
			productReference = C6BE92002FC34CD80077BC27 /* RickMortyPersistImage.app */;
			productType = "com.apple.product-type.application";
		};
		C6BE920C2FC34CDA0077BC27 /* RickMortyPersistImageTests */ = {
			isa = PBXNativeTarget;
			buildConfigurationList = C6BE92242FC34CDA0077BC27 /* Build configuration list for PBXNativeTarget "RickMortyPersistImageTests" */;
			buildPhases = (
				C6BE92092FC34CDA0077BC27 /* Sources */,
				C6BE920A2FC34CDA0077BC27 /* Frameworks */,
				C6BE920B2FC34CDA0077BC27 /* Resources */,
			);
			buildRules = (
			);
			dependencies = (
				C6BE920F2FC34CDA0077BC27 /* PBXTargetDependency */,
			);
			fileSystemSynchronizedGroups = (
				C6BE92102FC34CDA0077BC27 /* RickMortyPersistImageTests */,
			);
			name = RickMortyPersistImageTests;
			packageProductDependencies = (
				4368A0AF3DC44601AE6B2B34 /* Network */,
			);
			productName = RickMortyPersistImageTests;
			productReference = C6BE920D2FC34CDA0077BC27 /* RickMortyPersistImageTests.xctest */;
			productType = "com.apple.product-type.bundle.unit-test";
		};
		C6BE92162FC34CDA0077BC27 /* RickMortyPersistImageUITests */ = {
			isa = PBXNativeTarget;
			buildConfigurationList = C6BE92272FC34CDA0077BC27 /* Build configuration list for PBXNativeTarget "RickMortyPersistImageUITests" */;
			buildPhases = (
				C6BE92132FC34CDA0077BC27 /* Sources */,
				C6BE92142FC34CDA0077BC27 /* Frameworks */,
				C6BE92152FC34CDA0077BC27 /* Resources */,
			);
			buildRules = (
			);
			dependencies = (
				C6BE92192FC34CDA0077BC27 /* PBXTargetDependency */,
			);
			fileSystemSynchronizedGroups = (
				C6BE921A2FC34CDA0077BC27 /* RickMortyPersistImageUITests */,
			);
			name = RickMortyPersistImageUITests;
			packageProductDependencies = (
			);
			productName = RickMortyPersistImageUITests;
			productReference = C6BE92172FC34CDA0077BC27 /* RickMortyPersistImageUITests.xctest */;
			productType = "com.apple.product-type.bundle.ui-testing";
		};
/* End PBXNativeTarget section */

/* Begin PBXProject section */
		C6BE91F82FC34CD80077BC27 /* Project object */ = {
			isa = PBXProject;
			attributes = {
				BuildIndependentTargetsInParallel = 1;
				LastSwiftUpdateCheck = 2650;
				LastUpgradeCheck = 2650;
				TargetAttributes = {
					C6BE91FF2FC34CD80077BC27 = {
						CreatedOnToolsVersion = 26.5;
					};
					C6BE920C2FC34CDA0077BC27 = {
						CreatedOnToolsVersion = 26.5;
						TestTargetID = C6BE91FF2FC34CD80077BC27;
					};
					C6BE92162FC34CDA0077BC27 = {
						CreatedOnToolsVersion = 26.5;
						TestTargetID = C6BE91FF2FC34CD80077BC27;
					};
				};
			};
			buildConfigurationList = C6BE91FB2FC34CD80077BC27 /* Build configuration list for PBXProject "RickMortyPersistImage" */;
			developmentRegion = en;
			hasScannedForEncodings = 0;
			knownRegions = (
				en,
				Base,
			);
			mainGroup = C6BE91F72FC34CD80077BC27;
			minimizedProjectReferenceProxies = 1;
			packageReferences = (
				C64CE9892FCDE846007D31D1 /* XCRemoteSwiftPackageReference "Network" */,
			);
			preferredProjectObjectVersion = 77;
			productRefGroup = C6BE92012FC34CD80077BC27 /* Products */;
			projectDirPath = "";
			projectRoot = "";
			targets = (
				C6BE91FF2FC34CD80077BC27 /* RickMortyPersistImage */,
				C6BE920C2FC34CDA0077BC27 /* RickMortyPersistImageTests */,
				C6BE92162FC34CDA0077BC27 /* RickMortyPersistImageUITests */,
			);
		};
/* End PBXProject section */

/* Begin PBXResourcesBuildPhase section */
		C6BE91FE2FC34CD80077BC27 /* Resources */ = {
			isa = PBXResourcesBuildPhase;
			buildActionMask = 2147483647;
			files = (
			);
			runOnlyForDeploymentPostprocessing = 0;
		};
		C6BE920B2FC34CDA0077BC27 /* Resources */ = {
			isa = PBXResourcesBuildPhase;
			buildActionMask = 2147483647;
			files = (
			);
			runOnlyForDeploymentPostprocessing = 0;
		};
		C6BE92152FC34CDA0077BC27 /* Resources */ = {
			isa = PBXResourcesBuildPhase;
			buildActionMask = 2147483647;
			files = (
			);
			runOnlyForDeploymentPostprocessing = 0;
		};
/* End PBXResourcesBuildPhase section */

/* Begin PBXSourcesBuildPhase section */
		C6BE91FC2FC34CD80077BC27 /* Sources */ = {
			isa = PBXSourcesBuildPhase;
			buildActionMask = 2147483647;
			files = (
			);
			runOnlyForDeploymentPostprocessing = 0;
		};
		C6BE92092FC34CDA0077BC27 /* Sources */ = {
			isa = PBXSourcesBuildPhase;
			buildActionMask = 2147483647;
			files = (
			);
			runOnlyForDeploymentPostprocessing = 0;
		};
		C6BE92132FC34CDA0077BC27 /* Sources */ = {
			isa = PBXSourcesBuildPhase;
			buildActionMask = 2147483647;
			files = (
			);
			runOnlyForDeploymentPostprocessing = 0;
		};
/* End PBXSourcesBuildPhase section */

/* Begin PBXTargetDependency section */
		C6BE920F2FC34CDA0077BC27 /* PBXTargetDependency */ = {
			isa = PBXTargetDependency;
			target = C6BE91FF2FC34CD80077BC27 /* RickMortyPersistImage */;
			targetProxy = C6BE920E2FC34CDA0077BC27 /* PBXContainerItemProxy */;
		};
		C6BE92192FC34CDA0077BC27 /* PBXTargetDependency */ = {
			isa = PBXTargetDependency;
			target = C6BE91FF2FC34CD80077BC27 /* RickMortyPersistImage */;
			targetProxy = C6BE92182FC34CDA0077BC27 /* PBXContainerItemProxy */;
		};
/* End PBXTargetDependency section */

/* Begin XCBuildConfiguration section */
		C6BE921F2FC34CDA0077BC27 /* Debug */ = {
			isa = XCBuildConfiguration;
			buildSettings = {
				ALWAYS_SEARCH_USER_PATHS = NO;
				ASSETCATALOG_COMPILER_GENERATE_SWIFT_ASSET_SYMBOL_EXTENSIONS = YES;
				CLANG_ANALYZER_NONNULL = YES;
				CLANG_ANALYZER_NUMBER_OBJECT_CONVERSION = YES_AGGRESSIVE;
				CLANG_CXX_LANGUAGE_STANDARD = "gnu++20";
				CLANG_ENABLE_MODULES = YES;
				CLANG_ENABLE_OBJC_ARC = YES;
				CLANG_ENABLE_OBJC_WEAK = YES;
				CLANG_WARN_BLOCK_CAPTURE_AUTORELEASING = YES;
				CLANG_WARN_BOOL_CONVERSION = YES;
				CLANG_WARN_COMMA = YES;
				CLANG_WARN_CONSTANT_CONVERSION = YES;
				CLANG_WARN_DEPRECATED_OBJC_IMPLEMENTATIONS = YES;
				CLANG_WARN_DIRECT_OBJC_ISA_USAGE = YES_ERROR;
				CLANG_WARN_DOCUMENTATION_COMMENTS = YES;
				CLANG_WARN_EMPTY_BODY = YES;
				CLANG_WARN_ENUM_CONVERSION = YES;
				CLANG_WARN_INFINITE_RECURSION = YES;
				CLANG_WARN_INT_CONVERSION = YES;
				CLANG_WARN_NON_LITERAL_NULL_CONVERSION = YES;
				CLANG_WARN_OBJC_IMPLICIT_RETAIN_SELF = YES;
				CLANG_WARN_OBJC_LITERAL_CONVERSION = YES;
				CLANG_WARN_OBJC_ROOT_CLASS = YES_ERROR;
				CLANG_WARN_QUOTED_INCLUDE_IN_FRAMEWORK_HEADER = YES;
				CLANG_WARN_RANGE_LOOP_ANALYSIS = YES;
				CLANG_WARN_STRICT_PROTOTYPES = YES;
				CLANG_WARN_SUSPICIOUS_MOVE = YES;
				CLANG_WARN_UNGUARDED_AVAILABILITY = YES_AGGRESSIVE;
				CLANG_WARN_UNREACHABLE_CODE = YES;
				CLANG_WARN__DUPLICATE_METHOD_MATCH = YES;
				COPY_PHASE_STRIP = NO;
				DEBUG_INFORMATION_FORMAT = dwarf;
				DEVELOPMENT_TEAM = 5MPC35WK7F;
				ENABLE_STRICT_OBJC_MSGSEND = YES;
				ENABLE_TESTABILITY = YES;
				ENABLE_USER_SCRIPT_SANDBOXING = YES;
				GCC_C_LANGUAGE_STANDARD = gnu17;
				GCC_DYNAMIC_NO_PIC = NO;
				GCC_NO_COMMON_BLOCKS = YES;
				GCC_OPTIMIZATION_LEVEL = 0;
				GCC_PREPROCESSOR_DEFINITIONS = (
					"DEBUG=1",
					"$(inherited)",
				);
				GCC_WARN_64_TO_32_BIT_CONVERSION = YES;
				GCC_WARN_ABOUT_RETURN_TYPE = YES_ERROR;
				GCC_WARN_UNDECLARED_SELECTOR = YES;
				GCC_WARN_UNINITIALIZED_AUTOS = YES_AGGRESSIVE;
				GCC_WARN_UNUSED_FUNCTION = YES;
				GCC_WARN_UNUSED_VARIABLE = YES;
				IPHONEOS_DEPLOYMENT_TARGET = 26.5;
				LOCALIZATION_PREFERS_STRING_CATALOGS = YES;
				MTL_ENABLE_DEBUG_INFO = INCLUDE_SOURCE;
				MTL_FAST_MATH = YES;
				ONLY_ACTIVE_ARCH = YES;
				SDKROOT = iphoneos;
				SWIFT_ACTIVE_COMPILATION_CONDITIONS = "DEBUG $(inherited)";
				SWIFT_OPTIMIZATION_LEVEL = "-Onone";
			};
			name = Debug;
		};
		C6BE92202FC34CDA0077BC27 /* Release */ = {
			isa = XCBuildConfiguration;
			buildSettings = {
				ALWAYS_SEARCH_USER_PATHS = NO;
				ASSETCATALOG_COMPILER_GENERATE_SWIFT_ASSET_SYMBOL_EXTENSIONS = YES;
				CLANG_ANALYZER_NONNULL = YES;
				CLANG_ANALYZER_NUMBER_OBJECT_CONVERSION = YES_AGGRESSIVE;
				CLANG_CXX_LANGUAGE_STANDARD = "gnu++20";
				CLANG_ENABLE_MODULES = YES;
				CLANG_ENABLE_OBJC_ARC = YES;
				CLANG_ENABLE_OBJC_WEAK = YES;
				CLANG_WARN_BLOCK_CAPTURE_AUTORELEASING = YES;
				CLANG_WARN_BOOL_CONVERSION = YES;
				CLANG_WARN_COMMA = YES;
				CLANG_WARN_CONSTANT_CONVERSION = YES;
				CLANG_WARN_DEPRECATED_OBJC_IMPLEMENTATIONS = YES;
				CLANG_WARN_DIRECT_OBJC_ISA_USAGE = YES_ERROR;
				CLANG_WARN_DOCUMENTATION_COMMENTS = YES;
				CLANG_WARN_EMPTY_BODY = YES;
				CLANG_WARN_ENUM_CONVERSION = YES;
				CLANG_WARN_INFINITE_RECURSION = YES;
				CLANG_WARN_INT_CONVERSION = YES;
				CLANG_WARN_NON_LITERAL_NULL_CONVERSION = YES;
				CLANG_WARN_OBJC_IMPLICIT_RETAIN_SELF = YES;
				CLANG_WARN_OBJC_LITERAL_CONVERSION = YES;
				CLANG_WARN_OBJC_ROOT_CLASS = YES_ERROR;
				CLANG_WARN_QUOTED_INCLUDE_IN_FRAMEWORK_HEADER = YES;
				CLANG_WARN_RANGE_LOOP_ANALYSIS = YES;
				CLANG_WARN_STRICT_PROTOTYPES = YES;
				CLANG_WARN_SUSPICIOUS_MOVE = YES;
				CLANG_WARN_UNGUARDED_AVAILABILITY = YES_AGGRESSIVE;
				CLANG_WARN_UNREACHABLE_CODE = YES;
				CLANG_WARN__DUPLICATE_METHOD_MATCH = YES;
				COPY_PHASE_STRIP = NO;
				DEBUG_INFORMATION_FORMAT = "dwarf-with-dsym";
				DEVELOPMENT_TEAM = 5MPC35WK7F;
				ENABLE_NS_ASSERTIONS = NO;
				ENABLE_STRICT_OBJC_MSGSEND = YES;
				ENABLE_USER_SCRIPT_SANDBOXING = YES;
				GCC_C_LANGUAGE_STANDARD = gnu17;
				GCC_NO_COMMON_BLOCKS = YES;
				GCC_WARN_64_TO_32_BIT_CONVERSION = YES;
				GCC_WARN_ABOUT_RETURN_TYPE = YES_ERROR;
				GCC_WARN_UNDECLARED_SELECTOR = YES;
				GCC_WARN_UNINITIALIZED_AUTOS = YES_AGGRESSIVE;
				GCC_WARN_UNUSED_FUNCTION = YES;
				GCC_WARN_UNUSED_VARIABLE = YES;
				IPHONEOS_DEPLOYMENT_TARGET = 26.5;
				LOCALIZATION_PREFERS_STRING_CATALOGS = YES;
				MTL_ENABLE_DEBUG_INFO = NO;
				MTL_FAST_MATH = YES;
				SDKROOT = iphoneos;
				SWIFT_COMPILATION_MODE = wholemodule;
				VALIDATE_PRODUCT = YES;
			};
			name = Release;
		};
		C6BE92222FC34CDA0077BC27 /* Debug */ = {
			isa = XCBuildConfiguration;
			buildSettings = {
				ASSETCATALOG_COMPILER_APPICON_NAME = AppIcon;
				ASSETCATALOG_COMPILER_GLOBAL_ACCENT_COLOR_NAME = AccentColor;
				CODE_SIGN_STYLE = Automatic;
				CURRENT_PROJECT_VERSION = 1;
				DEVELOPMENT_TEAM = 5MPC35WK7F;
				ENABLE_PREVIEWS = YES;
				GENERATE_INFOPLIST_FILE = YES;
				INFOPLIST_KEY_UIApplicationSceneManifest_Generation = YES;
				INFOPLIST_KEY_UIApplicationSupportsIndirectInputEvents = YES;
				INFOPLIST_KEY_UILaunchScreen_Generation = YES;
				INFOPLIST_KEY_UISupportedInterfaceOrientations_iPad = "UIInterfaceOrientationPortrait UIInterfaceOrientationPortraitUpsideDown UIInterfaceOrientationLandscapeLeft UIInterfaceOrientationLandscapeRight";
				INFOPLIST_KEY_UISupportedInterfaceOrientations_iPhone = "UIInterfaceOrientationPortrait UIInterfaceOrientationLandscapeLeft UIInterfaceOrientationLandscapeRight";
				IPHONEOS_DEPLOYMENT_TARGET = 16.6;
				LD_RUNPATH_SEARCH_PATHS = (
					"$(inherited)",
					"@executable_path/Frameworks",
				);
				MARKETING_VERSION = 1.0;
				PRODUCT_BUNDLE_IDENTIFIER = com.fvg0902iosdev.RickMortyPersistImage;
				PRODUCT_NAME = "$(TARGET_NAME)";
				STRING_CATALOG_GENERATE_SYMBOLS = YES;
				SWIFT_APPROACHABLE_CONCURRENCY = YES;
				SWIFT_DEFAULT_ACTOR_ISOLATION = MainActor;
				SWIFT_EMIT_LOC_STRINGS = YES;
				SWIFT_STRICT_CONCURRENCY = targeted;
				SWIFT_UPCOMING_FEATURE_MEMBER_IMPORT_VISIBILITY = YES;
				SWIFT_VERSION = 5.0;
				TARGETED_DEVICE_FAMILY = "1,2";
			};
			name = Debug;
		};
		C6BE92232FC34CDA0077BC27 /* Release */ = {
			isa = XCBuildConfiguration;
			buildSettings = {
				ASSETCATALOG_COMPILER_APPICON_NAME = AppIcon;
				ASSETCATALOG_COMPILER_GLOBAL_ACCENT_COLOR_NAME = AccentColor;
				CODE_SIGN_STYLE = Automatic;
				CURRENT_PROJECT_VERSION = 1;
				DEVELOPMENT_TEAM = 5MPC35WK7F;
				ENABLE_PREVIEWS = YES;
				GENERATE_INFOPLIST_FILE = YES;
				INFOPLIST_KEY_UIApplicationSceneManifest_Generation = YES;
				INFOPLIST_KEY_UIApplicationSupportsIndirectInputEvents = YES;
				INFOPLIST_KEY_UILaunchScreen_Generation = YES;
				INFOPLIST_KEY_UISupportedInterfaceOrientations_iPad = "UIInterfaceOrientationPortrait UIInterfaceOrientationPortraitUpsideDown UIInterfaceOrientationLandscapeLeft UIInterfaceOrientationLandscapeRight";
				INFOPLIST_KEY_UISupportedInterfaceOrientations_iPhone = "UIInterfaceOrientationPortrait UIInterfaceOrientationLandscapeLeft UIInterfaceOrientationLandscapeRight";
				IPHONEOS_DEPLOYMENT_TARGET = 16.6;
				LD_RUNPATH_SEARCH_PATHS = (
					"$(inherited)",
					"@executable_path/Frameworks",
				);
				MARKETING_VERSION = 1.0;
				PRODUCT_BUNDLE_IDENTIFIER = com.fvg0902iosdev.RickMortyPersistImage;
				PRODUCT_NAME = "$(TARGET_NAME)";
				STRING_CATALOG_GENERATE_SYMBOLS = YES;
				SWIFT_APPROACHABLE_CONCURRENCY = YES;
				SWIFT_DEFAULT_ACTOR_ISOLATION = MainActor;
				SWIFT_EMIT_LOC_STRINGS = YES;
				SWIFT_STRICT_CONCURRENCY = targeted;
				SWIFT_UPCOMING_FEATURE_MEMBER_IMPORT_VISIBILITY = YES;
				SWIFT_VERSION = 5.0;
				TARGETED_DEVICE_FAMILY = "1,2";
			};
			name = Release;
		};
		C6BE92252FC34CDA0077BC27 /* Debug */ = {
			isa = XCBuildConfiguration;
			buildSettings = {
				BUNDLE_LOADER = "$(TEST_HOST)";
				CODE_SIGN_STYLE = Automatic;
				CURRENT_PROJECT_VERSION = 1;
				DEVELOPMENT_TEAM = 5MPC35WK7F;
				GENERATE_INFOPLIST_FILE = YES;
				IPHONEOS_DEPLOYMENT_TARGET = 26.5;
				MARKETING_VERSION = 1.0;
				PRODUCT_BUNDLE_IDENTIFIER = com.fvg0902iosdev.RickMortyPersistImageTests;
				PRODUCT_NAME = "$(TARGET_NAME)";
				STRING_CATALOG_GENERATE_SYMBOLS = NO;
				SWIFT_APPROACHABLE_CONCURRENCY = YES;
				SWIFT_EMIT_LOC_STRINGS = NO;
				SWIFT_STRICT_CONCURRENCY = targeted;
				SWIFT_UPCOMING_FEATURE_MEMBER_IMPORT_VISIBILITY = YES;
				SWIFT_VERSION = 5.0;
				TARGETED_DEVICE_FAMILY = "1,2";
				TEST_HOST = "$(BUILT_PRODUCTS_DIR)/RickMortyPersistImage.app/$(BUNDLE_EXECUTABLE_FOLDER_PATH)/RickMortyPersistImage";
			};
			name = Debug;
		};
		C6BE92262FC34CDA0077BC27 /* Release */ = {
			isa = XCBuildConfiguration;
			buildSettings = {
				BUNDLE_LOADER = "$(TEST_HOST)";
				CODE_SIGN_STYLE = Automatic;
				CURRENT_PROJECT_VERSION = 1;
				DEVELOPMENT_TEAM = 5MPC35WK7F;
				GENERATE_INFOPLIST_FILE = YES;
				IPHONEOS_DEPLOYMENT_TARGET = 26.5;
				MARKETING_VERSION = 1.0;
				PRODUCT_BUNDLE_IDENTIFIER = com.fvg0902iosdev.RickMortyPersistImageTests;
				PRODUCT_NAME = "$(TARGET_NAME)";
				STRING_CATALOG_GENERATE_SYMBOLS = NO;
				SWIFT_APPROACHABLE_CONCURRENCY = YES;
				SWIFT_EMIT_LOC_STRINGS = NO;
				SWIFT_STRICT_CONCURRENCY = targeted;
				SWIFT_UPCOMING_FEATURE_MEMBER_IMPORT_VISIBILITY = YES;
				SWIFT_VERSION = 5.0;
				TARGETED_DEVICE_FAMILY = "1,2";
				TEST_HOST = "$(BUILT_PRODUCTS_DIR)/RickMortyPersistImage.app/$(BUNDLE_EXECUTABLE_FOLDER_PATH)/RickMortyPersistImage";
			};
			name = Release;
		};
		C6BE92282FC34CDA0077BC27 /* Debug */ = {
			isa = XCBuildConfiguration;
			buildSettings = {
				CODE_SIGN_STYLE = Automatic;
				CURRENT_PROJECT_VERSION = 1;
				DEVELOPMENT_TEAM = 5MPC35WK7F;
				GENERATE_INFOPLIST_FILE = YES;
				MARKETING_VERSION = 1.0;
				PRODUCT_BUNDLE_IDENTIFIER = com.fvg0902iosdev.RickMortyPersistImageUITests;
				PRODUCT_NAME = "$(TARGET_NAME)";
				STRING_CATALOG_GENERATE_SYMBOLS = NO;
				SWIFT_APPROACHABLE_CONCURRENCY = YES;
				SWIFT_EMIT_LOC_STRINGS = NO;
				SWIFT_STRICT_CONCURRENCY = targeted;
				SWIFT_UPCOMING_FEATURE_MEMBER_IMPORT_VISIBILITY = YES;
				SWIFT_VERSION = 5.0;
				TARGETED_DEVICE_FAMILY = "1,2";
				TEST_TARGET_NAME = RickMortyPersistImage;
			};
			name = Debug;
		};
		C6BE92292FC34CDA0077BC27 /* Release */ = {
			isa = XCBuildConfiguration;
			buildSettings = {
				CODE_SIGN_STYLE = Automatic;
				CURRENT_PROJECT_VERSION = 1;
				DEVELOPMENT_TEAM = 5MPC35WK7F;
				GENERATE_INFOPLIST_FILE = YES;
				MARKETING_VERSION = 1.0;
				PRODUCT_BUNDLE_IDENTIFIER = com.fvg0902iosdev.RickMortyPersistImageUITests;
				PRODUCT_NAME = "$(TARGET_NAME)";
				STRING_CATALOG_GENERATE_SYMBOLS = NO;
				SWIFT_APPROACHABLE_CONCURRENCY = YES;
				SWIFT_EMIT_LOC_STRINGS = NO;
				SWIFT_STRICT_CONCURRENCY = targeted;
				SWIFT_UPCOMING_FEATURE_MEMBER_IMPORT_VISIBILITY = YES;
				SWIFT_VERSION = 5.0;
				TARGETED_DEVICE_FAMILY = "1,2";
				TEST_TARGET_NAME = RickMortyPersistImage;
			};
			name = Release;
		};
/* End XCBuildConfiguration section */

/* Begin XCConfigurationList section */
		C6BE91FB2FC34CD80077BC27 /* Build configuration list for PBXProject "RickMortyPersistImage" */ = {
			isa = XCConfigurationList;
			buildConfigurations = (
				C6BE921F2FC34CDA0077BC27 /* Debug */,
				C6BE92202FC34CDA0077BC27 /* Release */,
			);
			defaultConfigurationIsVisible = 0;
			defaultConfigurationName = Release;
		};
		C6BE92212FC34CDA0077BC27 /* Build configuration list for PBXNativeTarget "RickMortyPersistImage" */ = {
			isa = XCConfigurationList;
			buildConfigurations = (
				C6BE92222FC34CDA0077BC27 /* Debug */,
				C6BE92232FC34CDA0077BC27 /* Release */,
			);
			defaultConfigurationIsVisible = 0;
			defaultConfigurationName = Release;
		};
		C6BE92242FC34CDA0077BC27 /* Build configuration list for PBXNativeTarget "RickMortyPersistImageTests" */ = {
			isa = XCConfigurationList;
			buildConfigurations = (
				C6BE92252FC34CDA0077BC27 /* Debug */,
				C6BE92262FC34CDA0077BC27 /* Release */,
			);
			defaultConfigurationIsVisible = 0;
			defaultConfigurationName = Release;
		};
		C6BE92272FC34CDA0077BC27 /* Build configuration list for PBXNativeTarget "RickMortyPersistImageUITests" */ = {
			isa = XCConfigurationList;
			buildConfigurations = (
				C6BE92282FC34CDA0077BC27 /* Debug */,
				C6BE92292FC34CDA0077BC27 /* Release */,
			);
			defaultConfigurationIsVisible = 0;
			defaultConfigurationName = Release;
		};
/* End XCConfigurationList section */

/* Begin XCLocalSwiftPackageReference section */
		D1AC6E49D77D4F10A44C29A3 /* XCLocalSwiftPackageReference "Packages/Network" */ = {
			isa = XCLocalSwiftPackageReference;
			relativePath = Packages/Network;
		};
/* End XCLocalSwiftPackageReference section */

/* Begin XCRemoteSwiftPackageReference section */
		C64CE9892FCDE846007D31D1 /* XCRemoteSwiftPackageReference "Network" */ = {
			isa = XCRemoteSwiftPackageReference;
			repositoryURL = "https://github.com/fvegagiga/Network";
			requirement = {
				kind = upToNextMajorVersion;
				minimumVersion = 1.0.0;
			};
		};
/* End XCRemoteSwiftPackageReference section */

/* Begin XCSwiftPackageProductDependency section */
		17C76E784527414C872F37EC /* Network */ = {
			isa = XCSwiftPackageProductDependency;
			package = D1AC6E49D77D4F10A44C29A3 /* XCLocalSwiftPackageReference "Packages/Network" */;
			productName = Network;
		};
		4368A0AF3DC44601AE6B2B34 /* Network */ = {
			isa = XCSwiftPackageProductDependency;
			package = D1AC6E49D77D4F10A44C29A3 /* XCLocalSwiftPackageReference "Packages/Network" */;
			productName = Network;
		};
/* End XCSwiftPackageProductDependency section */
	};
	rootObject = C6BE91F82FC34CD80077BC27 /* Project object */;
}
